{
    "name": "@sutext/network",
    "version": "1.0.0",
    "lockfileVersion": 2,
    "requires": true,
    "packages": {
        "": {
            "name": "@sutext/network",
            "version": "1.0.0",
            "license": "ISC",
            "dependencies": {
                "@sutext/emitter": "^1.0.3"
            },
            "devDependencies": {
                "@types/node": "^18.0.0"
            }
        },
        "node_modules/@sutext/emitter": {
            "version": "1.0.3",
            "resolved": "https://registry.npmjs.org/@sutext/emitter/-/emitter-1.0.3.tgz",
            "integrity": "sha512-EBaHnGRbYJUwRMxESrGXzvMOmRej2rIruUR+0Y7lRjlWAir/HVjlhpz/u4hxSjAUgJH+Z1Gzon6tXpHVR/Yuew=="
        },
        "node_modules/@types/node": {
            "version": "18.0.0",
            "resolved": "https://registry.npmjs.org/@types/node/-/node-18.0.0.tgz",
            "integrity": "sha512-cHlGmko4gWLVI27cGJntjs/Sj8th9aYwplmZFwmmgYQQvL5NUsgVJG7OddLvNfLqYS31KFN0s3qlaD9qCaxACA==",
            "dev": true
        }
    },
    "dependencies": {
        "@sutext/emitter": {
            "version": "1.0.3",
            "resolved": "https://registry.npmjs.org/@sutext/emitter/-/emitter-1.0.3.tgz",
            "integrity": "sha512-EBaHnGRbYJUwRMxESrGXzvMOmRej2rIruUR+0Y7lRjlWAir/HVjlhpz/u4hxSjAUgJH+Z1Gzon6tXpHVR/Yuew=="
        },
        "@types/node": {
            "version": "18.0.0",
            "resolved": "https://registry.npmjs.org/@types/node/-/node-18.0.0.tgz",
            "integrity": "sha512-cHlGmko4gWLVI27cGJntjs/Sj8th9aYwplmZFwmmgYQQvL5NUsgVJG7OddLvNfLqYS31KFN0s3qlaD9qCaxACA==",
            "dev": true
        }
    }
}
